version = 1
revision = 2
requires-python = "==3.11.10"

[[package]]
name = "blog"
version = "0.1.0"
source = { virtual = "." }
dependencies = [
    { name = "polars" },
]

[package.metadata]
requires-dist = [{ name = "polars", specifier = ">=1.37.1" }]

[[package]]
name = "polars"
version = "1.37.1"
source = { registry = "https://pypi.org/simple" }
dependencies = [
    { name = "polars-runtime-32" },
]
sdist = { url = "https://files.pythonhosted.org/packages/84/ae/dfebf31b9988c20998140b54d5b521f64ce08879f2c13d9b4d44d7c87e32/polars-1.37.1.tar.gz", hash = "sha256:0309e2a4633e712513401964b4d95452f124ceabf7aec6db50affb9ced4a274e", size = 715572, upload-time = "2026-01-12T23:27:03.267Z" }
wheels = [
    { url = "https://files.pythonhosted.org/packages/08/75/ec73e38812bca7c2240aff481b9ddff20d1ad2f10dee4b3353f5eeaacdab/polars-1.37.1-py3-none-any.whl", hash = "sha256:377fed8939a2f1223c1563cfabdc7b4a3d6ff846efa1f2ddeb8644fafd9b1aff", size = 805749, upload-time = "2026-01-12T23:25:48.595Z" },
]

[[package]]
name = "polars-runtime-32"
version = "1.37.1"
source = { registry = "https://pypi.org/simple" }
sdist = { url = "https://files.pythonhosted.org/packages/40/0b/addabe5e8d28a5a4c9887a08907be7ddc3fce892dc38f37d14b055438a57/polars_runtime_32-1.37.1.tar.gz", hash = "sha256:68779d4a691da20a5eb767d74165a8f80a2bdfbde4b54acf59af43f7fa028d8f", size = 2818945, upload-time = "2026-01-12T23:27:04.653Z" }
wheels = [
    { url = "https://files.pythonhosted.org/packages/2a/a2/e828ea9f845796de02d923edb790e408ca0b560cd68dbd74bb99a1b3c461/polars_runtime_32-1.37.1-cp310-abi3-macosx_10_12_x86_64.whl", hash = "sha256:0b8d4d73ea9977d3731927740e59d814647c5198bdbe359bcf6a8bfce2e79771", size = 43499912, upload-time = "2026-01-12T23:25:51.182Z" },
    { url = "https://files.pythonhosted.org/packages/7e/46/81b71b7aa9e3703ee6e4ef1f69a87e40f58ea7c99212bf49a95071e99c8c/polars_runtime_32-1.37.1-cp310-abi3-macosx_11_0_arm64.whl", hash = "sha256:c682bf83f5f352e5e02f5c16c652c48ca40442f07b236f30662b22217320ce76", size = 39695707, upload-time = "2026-01-12T23:25:54.289Z" },
    { url = "https://files.pythonhosted.org/packages/81/2e/20009d1fde7ee919e24040f5c87cb9d0e4f8e3f109b74ba06bc10c02459c/polars_runtime_32-1.37.1-cp310-abi3-manylinux_2_17_aarch64.manylinux2014_aarch64.whl", hash = "sha256:fc82b5bbe70ca1a4b764eed1419f6336752d6ba9fc1245388d7f8b12438afa2c", size = 41467034, upload-time = "2026-01-12T23:25:56.925Z" },
    { url = "https://files.pythonhosted.org/packages/eb/21/9b55bea940524324625b1e8fd96233290303eb1bf2c23b54573487bbbc25/polars_runtime_32-1.37.1-cp310-abi3-manylinux_2_17_x86_64.manylinux2014_x86_64.whl", hash = "sha256:a8362d11ac5193b994c7e9048ffe22ccfb976699cfbf6e128ce0302e06728894", size = 45142711, upload-time = "2026-01-12T23:26:00.817Z" },
    { url = "https://files.pythonhosted.org/packages/8c/25/c5f64461aeccdac6834a89f826d051ccd3b4ce204075e562c87a06ed2619/polars_runtime_32-1.37.1-cp310-abi3-musllinux_1_2_aarch64.whl", hash = "sha256:04f5d5a2f013dca7391b7d8e7672fa6d37573a87f1d45d3dd5f0d9b5565a4b0f", size = 41638564, upload-time = "2026-01-12T23:26:04.186Z" },
    { url = "https://files.pythonhosted.org/packages/35/af/509d3cf6c45e764ccf856beaae26fc34352f16f10f94a7839b1042920a73/polars_runtime_32-1.37.1-cp310-abi3-musllinux_1_2_x86_64.whl", hash = "sha256:fbfde7c0ca8209eeaed546e4a32cca1319189aa61c5f0f9a2b4494262bd0c689", size = 44721136, upload-time = "2026-01-12T23:26:07.088Z" },
    { url = "https://files.pythonhosted.org/packages/af/d1/5c0a83a625f72beef59394bebc57d12637997632a4f9d3ab2ffc2cc62bbf/polars_runtime_32-1.37.1-cp310-abi3-win_amd64.whl", hash = "sha256:da3d3642ae944e18dd17109d2a3036cb94ce50e5495c5023c77b1599d4c861bc", size = 44948288, upload-time = "2026-01-12T23:26:10.214Z" },
    { url = "https://files.pythonhosted.org/packages/10/f3/061bb702465904b6502f7c9081daee34b09ccbaa4f8c94cf43a2a3b6dd6f/polars_runtime_32-1.37.1-cp310-abi3-win_arm64.whl", hash = "sha256:55f2c4847a8d2e267612f564de7b753a4bde3902eaabe7b436a0a4abf75949a0", size = 41001914, upload-time = "2026-01-12T23:26:12.997Z" },
]
